// !$*UTF8*$!
{
	archiveVersion = 1;
	classes = {
	};
	objectVersion = 48;
	objects = {

/* Begin PBXBuildFile section */
		1619DDA220E660C2004CA856 /* CategoryViewController.swift in Sources */ = {isa = PBXBuildFile; fileRef = 1619DDA120E660C2004CA856 /* CategoryViewController.swift */; };
		162FD3F920E0F57F00D800B7 /* AppDelegate.swift in Sources */ = {isa = PBXBuildFile; fileRef = 162FD3F820E0F57F00D800B7 /* AppDelegate.swift */; };
		162FD3FE20E0F57F00D800B7 /* Main.storyboard in Resources */ = {isa = PBXBuildFile; fileRef = 162FD3FC20E0F57F00D800B7 /* Main.storyboard */; };
		162FD40020E0F57F00D800B7 /* Assets.xcassets in Resources */ = {isa = PBXBuildFile; fileRef = 162FD3FF20E0F57F00D800B7 /* Assets.xcassets */; };
		162FD40320E0F57F00D800B7 /* LaunchScreen.storyboard in Resources */ = {isa = PBXBuildFile; fileRef = 162FD40120E0F57F00D800B7 /* LaunchScreen.storyboard */; };
		162FD40B20E0FF5600D800B7 /* TodoListViewController.swift in Sources */ = {isa = PBXBuildFile; fileRef = 162FD40A20E0FF5600D800B7 /* TodoListViewController.swift */; };
		162FD43420E25BE000D800B7 /* DataModel.xcdatamodeld in Sources */ = {isa = PBXBuildFile; fileRef = 162FD43220E25BE000D800B7 /* DataModel.xcdatamodeld */; };
		AB47599FF7C7CDDB15DE947A /* Pods_Todoey2.framework in Frameworks */ = {isa = PBXBuildFile; fileRef = 47552823E31531CEC3CA3972 /* Pods_Todoey2.framework */; };
/* End PBXBuildFile section */

/* Begin PBXFileReference section */
		1619DDA120E660C2004CA856 /* CategoryViewController.swift */ = {isa = PBXFileReference; lastKnownFileType = sourcecode.swift; path = CategoryViewController.swift; sourceTree = "<group>"; };
		162FD3F520E0F57F00D800B7 /* Todoey2.app */ = {isa = PBXFileReference; explicitFileType = wrapper.application; includeInIndex = 0; path = Todoey2.app; sourceTree = BUILT_PRODUCTS_DIR; };
		162FD3F820E0F57F00D800B7 /* AppDelegate.swift */ = {isa = PBXFileReference; lastKnownFileType = sourcecode.swift; path = AppDelegate.swift; sourceTree = "<group>"; };
		162FD3FD20E0F57F00D800B7 /* Base */ = {isa = PBXFileReference; lastKnownFileType = file.storyboard; name = Base; path = Base.lproj/Main.storyboard; sourceTree = "<group>"; };
		162FD3FF20E0F57F00D800B7 /* Assets.xcassets */ = {isa = PBXFileReference; lastKnownFileType = folder.assetcatalog; path = Assets.xcassets; sourceTree = "<group>"; };
		162FD40220E0F57F00D800B7 /* Base */ = {isa = PBXFileReference; lastKnownFileType = file.storyboard; name = Base; path = Base.lproj/LaunchScreen.storyboard; sourceTree = "<group>"; };
		162FD40420E0F57F00D800B7 /* Info.plist */ = {isa = PBXFileReference; lastKnownFileType = text.plist.xml; path = Info.plist; sourceTree = "<group>"; };
		162FD40A20E0FF5600D800B7 /* TodoListViewController.swift */ = {isa = PBXFileReference; fileEncoding = 4; lastKnownFileType = sourcecode.swift; path = TodoListViewController.swift; sourceTree = "<group>"; };
		162FD43320E25BE000D800B7 /* DataModel.xcdatamodel */ = {isa = PBXFileReference; lastKnownFileType = wrapper.xcdatamodel; path = DataModel.xcdatamodel; sourceTree = "<group>"; };
		3AD40B16941E8B6E8E517849 /* Pods-Todoey2.release.xcconfig */ = {isa = PBXFileReference; includeInIndex = 1; lastKnownFileType = text.xcconfig; name = "Pods-Todoey2.release.xcconfig"; path = "Pods/Target Support Files/Pods-Todoey2/Pods-Todoey2.release.xcconfig"; sourceTree = "<group>"; };
		47552823E31531CEC3CA3972 /* Pods_Todoey2.framework */ = {isa = PBXFileReference; explicitFileType = wrapper.framework; includeInIndex = 0; path = Pods_Todoey2.framework; sourceTree = BUILT_PRODUCTS_DIR; };
		96E5C74A4A4B8E16B50BDBEC /* Pods-Todoey2.debug.xcconfig */ = {isa = PBXFileReference; includeInIndex = 1; lastKnownFileType = text.xcconfig; name = "Pods-Todoey2.debug.xcconfig"; path = "Pods/Target Support Files/Pods-Todoey2/Pods-Todoey2.debug.xcconfig"; sourceTree = "<group>"; };
/* End PBXFileReference section */

/* Begin PBXFrameworksBuildPhase section */
		162FD3F220E0F57F00D800B7 /* Frameworks */ = {
			isa = PBXFrameworksBuildPhase;
			buildActionMask = 2147483647;
			files = (
				AB47599FF7C7CDDB15DE947A /* Pods_Todoey2.framework in Frameworks */,
			);
			runOnlyForDeploymentPostprocessing = 0;
		};
/* End PBXFrameworksBuildPhase section */

/* Begin PBXGroup section */
		162FD3EC20E0F57F00D800B7 = {
			isa = PBXGroup;
			children = (
				162FD3F720E0F57F00D800B7 /* Todoey2 */,
				162FD3F620E0F57F00D800B7 /* Products */,
				FB8F2508574325D7B9C21E4D /* Pods */,
				3A2BB9E34773BDE750CBA47A /* Frameworks */,
			);
			sourceTree = "<group>";
		};
		162FD3F620E0F57F00D800B7 /* Products */ = {
			isa = PBXGroup;
			children = (
				162FD3F520E0F57F00D800B7 /* Todoey2.app */,
			);
			name = Products;
			sourceTree = "<group>";
		};
		162FD3F720E0F57F00D800B7 /* Todoey2 */ = {
			isa = PBXGroup;
			children = (
				162FD3F820E0F57F00D800B7 /* AppDelegate.swift */,
				162FD43220E25BE000D800B7 /* DataModel.xcdatamodeld */,
				162FD40A20E0FF5600D800B7 /* TodoListViewController.swift */,
				162FD3FC20E0F57F00D800B7 /* Main.storyboard */,
				1619DDA120E660C2004CA856 /* CategoryViewController.swift */,
				162FD3FF20E0F57F00D800B7 /* Assets.xcassets */,
				162FD40120E0F57F00D800B7 /* LaunchScreen.storyboard */,
				162FD40420E0F57F00D800B7 /* Info.plist */,
			);
			path = Todoey2;
			sourceTree = "<group>";
		};
		3A2BB9E34773BDE750CBA47A /* Frameworks */ = {
			isa = PBXGroup;
			children = (
				47552823E31531CEC3CA3972 /* Pods_Todoey2.framework */,
			);
			name = Frameworks;
			sourceTree = "<group>";
		};
		FB8F2508574325D7B9C21E4D /* Pods */ = {
			isa = PBXGroup;
			children = (
				96E5C74A4A4B8E16B50BDBEC /* Pods-Todoey2.debug.xcconfig */,
				3AD40B16941E8B6E8E517849 /* Pods-Todoey2.release.xcconfig */,
			);
			name = Pods;
			sourceTree = "<group>";
		};
/* End PBXGroup section */

/* Begin PBXNativeTarget section */
		162FD3F420E0F57F00D800B7 /* Todoey2 */ = {
			isa = PBXNativeTarget;
			buildConfigurationList = 162FD40720E0F57F00D800B7 /* Build configuration list for PBXNativeTarget "Todoey2" */;
			buildPhases = (
				55334CA35FF9855DE2606A92 /* [CP] Check Pods Manifest.lock */,
				162FD3F120E0F57F00D800B7 /* Sources */,
				162FD3F220E0F57F00D800B7 /* Frameworks */,
				162FD3F320E0F57F00D800B7 /* Resources */,
				11082AE01E5E0DF224DAC8B0 /* [CP] Embed Pods Frameworks */,
			);
			buildRules = (
			);
			dependencies = (
			);
			name = Todoey2;
			productName = Todoey2;
			productReference = 162FD3F520E0F57F00D800B7 /* Todoey2.app */;
			productType = "com.apple.product-type.application";
		};
/* End PBXNativeTarget section */

/* Begin PBXProject section */
		162FD3ED20E0F57F00D800B7 /* Project object */ = {
			isa = PBXProject;
			attributes = {
				LastSwiftUpdateCheck = 0920;
				LastUpgradeCheck = 0920;
				ORGANIZATIONNAME = "Ashwani  Agrawal";
				TargetAttributes = {
					162FD3F420E0F57F00D800B7 = {
						CreatedOnToolsVersion = 9.2;
						ProvisioningStyle = Automatic;
					};
				};
			};
			buildConfigurationList = 162FD3F020E0F57F00D800B7 /* Build configuration list for PBXProject "Todoey2" */;
			compatibilityVersion = "Xcode 8.0";
			developmentRegion = en;
			hasScannedForEncodings = 0;
			knownRegions = (
				en,
				Base,
			);
			mainGroup = 162FD3EC20E0F57F00D800B7;
			productRefGroup = 162FD3F620E0F57F00D800B7 /* Products */;
			projectDirPath = "";
			projectRoot = "";
			targets = (
				162FD3F420E0F57F00D800B7 /* Todoey2 */,
			);
		};
/* End PBXProject section */

/* Begin PBXResourcesBuildPhase section */
		162FD3F320E0F57F00D800B7 /* Resources */ = {
			isa = PBXResourcesBuildPhase;
			buildActionMask = 2147483647;
			files = (
				162FD40320E0F57F00D800B7 /* LaunchScreen.storyboard in Resources */,
				162FD40020E0F57F00D800B7 /* Assets.xcassets in Resources */,
				162FD3FE20E0F57F00D800B7 /* Main.storyboard in Resources */,
			);
			runOnlyForDeploymentPostprocessing = 0;
		};
/* End PBXResourcesBuildPhase section */

/* Begin PBXShellScriptBuildPhase section */
		11082AE01E5E0DF224DAC8B0 /* [CP] Embed Pods Frameworks */ = {
			isa = PBXShellScriptBuildPhase;
			buildActionMask = 2147483647;
			files = (
			);
			inputPaths = (
				"${SRCROOT}/Pods/Target Support Files/Pods-Todoey2/Pods-Todoey2-frameworks.sh",
				"${BUILT_PRODUCTS_DIR}/Realm/Realm.framework",
				"${BUILT_PRODUCTS_DIR}/RealmSwift/RealmSwift.framework",
			);
			name = "[CP] Embed Pods Frameworks";
			outputPaths = (
				"${TARGET_BUILD_DIR}/${FRAMEWORKS_FOLDER_PATH}/Realm.framework",
				"${TARGET_BUILD_DIR}/${FRAMEWORKS_FOLDER_PATH}/RealmSwift.framework",
			);
			runOnlyForDeploymentPostprocessing = 0;
			shellPath = /bin/sh;
			shellScript = "\"${SRCROOT}/Pods/Target Support Files/Pods-Todoey2/Pods-Todoey2-frameworks.sh\"\n";
			showEnvVarsInLog = 0;
		};
		55334CA35FF9855DE2606A92 /* [CP] Check Pods Manifest.lock */ = {
			isa = PBXShellScriptBuildPhase;
			buildActionMask = 2147483647;
			files = (
			);
			inputPaths = (
				"${PODS_PODFILE_DIR_PATH}/Podfile.lock",
				"${PODS_ROOT}/Manifest.lock",
			);
			name = "[CP] Check Pods Manifest.lock";
			outputPaths = (
				"$(DERIVED_FILE_DIR)/Pods-Todoey2-checkManifestLockResult.txt",
			);
			runOnlyForDeploymentPostprocessing = 0;
			shellPath = /bin/sh;
			shellScript = "diff \"${PODS_PODFILE_DIR_PATH}/Podfile.lock\" \"${PODS_ROOT}/Manifest.lock\" > /dev/null\nif [ $? != 0 ] ; then\n    # print error to STDERR\n    echo \"error: The sandbox is not in sync with the Podfile.lock. Run 'pod install' or update your CocoaPods installation.\" >&2\n    exit 1\nfi\n# This output is used by Xcode 'outputs' to avoid re-running this script phase.\necho \"SUCCESS\" > \"${SCRIPT_OUTPUT_FILE_0}\"\n";
			showEnvVarsInLog = 0;
		};
/* End PBXShellScriptBuildPhase section */

/* Begin PBXSourcesBuildPhase section */
		162FD3F120E0F57F00D800B7 /* Sources */ = {
			isa = PBXSourcesBuildPhase;
			buildActionMask = 2147483647;
			files = (
				1619DDA220E660C2004CA856 /* CategoryViewController.swift in Sources */,
				162FD40B20E0FF5600D800B7 /* TodoListViewController.swift in Sources */,
				162FD43420E25BE000D800B7 /* DataModel.xcdatamodeld in Sources */,
				162FD3F920E0F57F00D800B7 /* AppDelegate.swift in Sources */,
			);
			runOnlyForDeploymentPostprocessing = 0;
		};
/* End PBXSourcesBuildPhase section */

/* Begin PBXVariantGroup section */
		162FD3FC20E0F57F00D800B7 /* Main.storyboard */ = {
			isa = PBXVariantGroup;
			children = (
				162FD3FD20E0F57F00D800B7 /* Base */,
			);
			name = Main.storyboard;
			sourceTree = "<group>";
		};
		162FD40120E0F57F00D800B7 /* LaunchScreen.storyboard */ = {
			isa = PBXVariantGroup;
			children = (
				162FD40220E0F57F00D800B7 /* Base */,
			);
			name = LaunchScreen.storyboard;
			sourceTree = "<group>";
		};
/* End PBXVariantGroup section */

/* Begin XCBuildConfiguration section */
		162FD40520E0F57F00D800B7 /* Debug */ = {
			isa = XCBuildConfiguration;
			buildSettings = {
				ALWAYS_SEARCH_USER_PATHS = NO;
				CLANG_ANALYZER_NONNULL = YES;
				CLANG_ANALYZER_NUMBER_OBJECT_CONVERSION = YES_AGGRESSIVE;
				CLANG_CXX_LANGUAGE_STANDARD = "gnu++14";
				CLANG_CXX_LIBRARY = "libc++";
				CLANG_ENABLE_MODULES = YES;
				CLANG_ENABLE_OBJC_ARC = YES;
				CLANG_WARN_BLOCK_CAPTURE_AUTORELEASING = YES;
				CLANG_WARN_BOOL_CONVERSION = YES;
				CLANG_WARN_COMMA = YES;
				CLANG_WARN_CONSTANT_CONVERSION = YES;
				CLANG_WARN_DIRECT_OBJC_ISA_USAGE = YES_ERROR;
				CLANG_WARN_DOCUMENTATION_COMMENTS = YES;
				CLANG_WARN_EMPTY_BODY = YES;
				CLANG_WARN_ENUM_CONVERSION = YES;
				CLANG_WARN_INFINITE_RECURSION = YES;
				CLANG_WARN_INT_CONVERSION = YES;
				CLANG_WARN_NON_LITERAL_NULL_CONVERSION = YES;
				CLANG_WARN_OBJC_LITERAL_CONVERSION = YES;
				CLANG_WARN_OBJC_ROOT_CLASS = YES_ERROR;
				CLANG_WARN_RANGE_LOOP_ANALYSIS = YES;
				CLANG_WARN_STRICT_PROTOTYPES = YES;
				CLANG_WARN_SUSPICIOUS_MOVE = YES;
				CLANG_WARN_UNGUARDED_AVAILABILITY = YES_AGGRESSIVE;
				CLANG_WARN_UNREACHABLE_CODE = YES;
				CLANG_WARN__DUPLICATE_METHOD_MATCH = YES;
				CODE_SIGN_IDENTITY = "iPhone Developer";
				COPY_PHASE_STRIP = NO;
				DEBUG_INFORMATION_FORMAT = dwarf;
				ENABLE_STRICT_OBJC_MSGSEND = YES;
				ENABLE_TESTABILITY = YES;
				GCC_C_LANGUAGE_STANDARD = gnu11;
				GCC_DYNAMIC_NO_PIC = NO;
				GCC_NO_COMMON_BLOCKS = YES;
				GCC_OPTIMIZATION_LEVEL = 0;
				GCC_PREPROCESSOR_DEFINITIONS = (
					"DEBUG=1",
					"$(inherited)",
				);
				GCC_WARN_64_TO_32_BIT_CONVERSION = YES;
				GCC_WARN_ABOUT_RETURN_TYPE = YES_ERROR;
				GCC_WARN_UNDECLARED_SELECTOR = YES;
				GCC_WARN_UNINITIALIZED_AUTOS = YES_AGGRESSIVE;
				GCC_WARN_UNUSED_FUNCTION = YES;
				GCC_WARN_UNUSED_VARIABLE = YES;
				IPHONEOS_DEPLOYMENT_TARGET = 11.2;
				MTL_ENABLE_DEBUG_INFO = YES;
				ONLY_ACTIVE_ARCH = YES;
				SDKROOT = iphoneos;
				SWIFT_ACTIVE_COMPILATION_CONDITIONS = DEBUG;
				SWIFT_OPTIMIZATION_LEVEL = "-Onone";
			};
			name = Debug;
		};
		162FD40620E0F57F00D800B7 /* Release */ = {
			isa = XCBuildConfiguration;
			buildSettings = {
				ALWAYS_SEARCH_USER_PATHS = NO;
				CLANG_ANALYZER_NONNULL = YES;
				CLANG_ANALYZER_NUMBER_OBJECT_CONVERSION = YES_AGGRESSIVE;
				CLANG_CXX_LANGUAGE_STANDARD = "gnu++14";
				CLANG_CXX_LIBRARY = "libc++";
				CLANG_ENABLE_MODULES = YES;
				CLANG_ENABLE_OBJC_ARC = YES;
				CLANG_WARN_BLOCK_CAPTURE_AUTORELEASING = YES;
				CLANG_WARN_BOOL_CONVERSION = YES;
				CLANG_WARN_COMMA = YES;
				CLANG_WARN_CONSTANT_CONVERSION = YES;
				CLANG_WARN_DIRECT_OBJC_ISA_USAGE = YES_ERROR;
				CLANG_WARN_DOCUMENTATION_COMMENTS = YES;
				CLANG_WARN_EMPTY_BODY = YES;
				CLANG_WARN_ENUM_CONVERSION = YES;
				CLANG_WARN_INFINITE_RECURSION = YES;
				CLANG_WARN_INT_CONVERSION = YES;
				CLANG_WARN_NON_LITERAL_NULL_CONVERSION = YES;
				CLANG_WARN_OBJC_LITERAL_CONVERSION = YES;
				CLANG_WARN_OBJC_ROOT_CLASS = YES_ERROR;
				CLANG_WARN_RANGE_LOOP_ANALYSIS = YES;
				CLANG_WARN_STRICT_PROTOTYPES = YES;
				CLANG_WARN_SUSPICIOUS_MOVE = YES;
				CLANG_WARN_UNGUARDED_AVAILABILITY = YES_AGGRESSIVE;
				CLANG_WARN_UNREACHABLE_CODE = YES;
				CLANG_WARN__DUPLICATE_METHOD_MATCH = YES;
				CODE_SIGN_IDENTITY = "iPhone Developer";
				COPY_PHASE_STRIP = NO;
				DEBUG_INFORMATION_FORMAT = "dwarf-with-dsym";
				ENABLE_NS_ASSERTIONS = NO;
				ENABLE_STRICT_OBJC_MSGSEND = YES;
				GCC_C_LANGUAGE_STANDARD = gnu11;
				GCC_NO_COMMON_BLOCKS = YES;
				GCC_WARN_64_TO_32_BIT_CONVERSION = YES;
				GCC_WARN_ABOUT_RETURN_TYPE = YES_ERROR;
				GCC_WARN_UNDECLARED_SELECTOR = YES;
				GCC_WARN_UNINITIALIZED_AUTOS = YES_AGGRESSIVE;
				GCC_WARN_UNUSED_FUNCTION = YES;
				GCC_WARN_UNUSED_VARIABLE = YES;
				IPHONEOS_DEPLOYMENT_TARGET = 11.2;
				MTL_ENABLE_DEBUG_INFO = NO;
				SDKROOT = iphoneos;
				SWIFT_OPTIMIZATION_LEVEL = "-Owholemodule";
				VALIDATE_PRODUCT = YES;
			};
			name = Release;
		};
		162FD40820E0F57F00D800B7 /* Debug */ = {
			isa = XCBuildConfiguration;
			baseConfigurationReference = 96E5C74A4A4B8E16B50BDBEC /* Pods-Todoey2.debug.xcconfig */;
			buildSettings = {
				ASSETCATALOG_COMPILER_APPICON_NAME = AppIcon;
				CODE_SIGN_STYLE = Automatic;
				DEVELOPMENT_TEAM = 69744E344A;
				INFOPLIST_FILE = Todoey2/Info.plist;
				LD_RUNPATH_SEARCH_PATHS = "$(inherited) @executable_path/Frameworks";
				PRODUCT_BUNDLE_IDENTIFIER = learn.Todoey2;
				PRODUCT_NAME = "$(TARGET_NAME)";
				SWIFT_VERSION = 4.0;
				TARGETED_DEVICE_FAMILY = "1,2";
			};
			name = Debug;
		};
		162FD40920E0F57F00D800B7 /* Release */ = {
			isa = XCBuildConfiguration;
			baseConfigurationReference = 3AD40B16941E8B6E8E517849 /* Pods-Todoey2.release.xcconfig */;
			buildSettings = {
				ASSETCATALOG_COMPILER_APPICON_NAME = AppIcon;
				CODE_SIGN_STYLE = Automatic;
				DEVELOPMENT_TEAM = 69744E344A;
				INFOPLIST_FILE = Todoey2/Info.plist;
				LD_RUNPATH_SEARCH_PATHS = "$(inherited) @executable_path/Frameworks";
				PRODUCT_BUNDLE_IDENTIFIER = learn.Todoey2;
				PRODUCT_NAME = "$(TARGET_NAME)";
				SWIFT_VERSION = 4.0;
				TARGETED_DEVICE_FAMILY = "1,2";
			};
			name = Release;
		};
/* End XCBuildConfiguration section */

/* Begin XCConfigurationList section */
		162FD3F020E0F57F00D800B7 /* Build configuration list for PBXProject "Todoey2" */ = {
			isa = XCConfigurationList;
			buildConfigurations = (
				162FD40520E0F57F00D800B7 /* Debug */,
				162FD40620E0F57F00D800B7 /* Release */,
			);
			defaultConfigurationIsVisible = 0;
			defaultConfigurationName = Release;
		};
		162FD40720E0F57F00D800B7 /* Build configuration list for PBXNativeTarget "Todoey2" */ = {
			isa = XCConfigurationList;
			buildConfigurations = (
				162FD40820E0F57F00D800B7 /* Debug */,
				162FD40920E0F57F00D800B7 /* Release */,
			);
			defaultConfigurationIsVisible = 0;
			defaultConfigurationName = Release;
		};
/* End XCConfigurationList section */

/* Begin XCVersionGroup section */
		162FD43220E25BE000D800B7 /* DataModel.xcdatamodeld */ = {
			isa = XCVersionGroup;
			children = (
				162FD43320E25BE000D800B7 /* DataModel.xcdatamodel */,
			);
			currentVersion = 162FD43320E25BE000D800B7 /* DataModel.xcdatamodel */;
			path = DataModel.xcdatamodeld;
			sourceTree = "<group>";
			versionGroupType = wrapper.xcdatamodel;
		};
/* End XCVersionGroup section */
	};
	rootObject = 162FD3ED20E0F57F00D800B7 /* Project object */;
}
